PODS:
  - Alamofire (2.0.0-beta.2)
  - Bolts/Tasks (1.2.0)
  - EasyAnimation (0.7.0)
  - Parse (1.8.1):
    - Bolts/Tasks (>= 1.2.0)
  - SwiftyJSON (2.2.1)

DEPENDENCIES:
  - Alamofire (from `https://github.com/Alamofire/Alamofire.git`, branch `swift-2.0`)
  - EasyAnimation (from `https://github.com/icanzilb/EasyAnimation.git`, branch `swift2`)
  - Parse
  - SwiftyJSON (from `https://github.com/SwiftyJSON/SwiftyJSON.git`, branch `xcode7`)

EXTERNAL SOURCES:
  Alamofire:
    :branch: swift-2.0
    :git: https://github.com/Alamofire/Alamofire.git
  EasyAnimation:
    :branch: swift2
    :git: https://github.com/icanzilb/EasyAnimation.git
  SwiftyJSON:
    :branch: xcode7
    :git: https://github.com/SwiftyJSON/SwiftyJSON.git

CHECKOUT OPTIONS:
  Alamofire:
    :commit: 2f94c11bb039bd7e3e43b925e20c8e536c9be757
    :git: https://github.com/Alamofire/Alamofire.git
  EasyAnimation:
    :commit: e27a4fa156647f0bf4ddbc73244d8a52105a4887
    :git: https://github.com/icanzilb/EasyAnimation.git
  SwiftyJSON:
    :commit: f269523ac572979245baa99c8475eab73caf1e9b
    :git: https://github.com/SwiftyJSON/SwiftyJSON.git

SPEC CHECKSUMS:
  Alamofire: 4dab60b015e8b4c9e09b0c9ff514fb15b96c0bd5
  Bolts: d176cb1e0012175589e389a9db49b85e27787576
  EasyAnimation: f58cd2cb74807f67280a2aff7a6e5bf8da423c19
  Parse: 2155953b1565494095d5fa5c83b3c77f2c677c09
  SwiftyJSON: ae2d0a3d68025d136602a33c4ee215091ced3e33

COCOAPODS: 0.38.2
